
Microsoft Visual Studio Solution File, Format Version 12.00
# Visual Studio Version 16
VisualStudioVersion = 16.0.31205.134
MinimumVisualStudioVersion = 10.0.40219.1
Project("{FAE04EC0-301F-11D3-BF4B-00C04F79EFBC}") = "netCoreApp", "netCoreApp.csproj", "{20A8EA08-F2AD-4E84-9BA7-589F8A1F1697}"
EndProject
Global
	GlobalSection(SolutionConfigurationPlatforms) = preSolution
		Debug|Any CPU = Debug|Any CPU
		Release|Any CPU = Release|Any CPU
	EndGlobalSection
	GlobalSection(ProjectConfigurationPlatforms) = postSolution
		{20A8EA08-F2AD-4E84-9BA7-589F8A1F1697}.Debug|Any CPU.ActiveCfg = Debug|Any CPU
		{20A8EA08-F2AD-4E84-9BA7-589F8A1F1697}.Debug|Any CPU.Build.0 = Debug|Any CPU
		{20A8EA08-F2AD-4E84-9BA7-589F8A1F1697}.Release|Any CPU.ActiveCfg = Release|Any CPU
		{20A8EA08-F2AD-4E84-9BA7-589F8A1F1697}.Release|Any CPU.Build.0 = Release|Any CPU
	EndGlobalSection
	GlobalSection(SolutionProperties) = preSolution
		HideSolutionNode = FALSE
	EndGlobalSection
	GlobalSection(ExtensibilityGlobals) = postSolution
		SolutionGuid = {176B95F0-908E-4DC3-9B62-91C99E2EC5AB}
	EndGlobalSection
EndGlobal
