
Microsoft Visual Studio Solution File, Format Version 12.00
# Visual Studio Version 16
VisualStudioVersion = 16.0.31129.286
MinimumVisualStudioVersion = 10.0.40219.1
Project("{FAE04EC0-301F-11D3-BF4B-00C04F79EFBC}") = "DBFirstAndLINQ2SQL", "DBFirstAndLINQ2SQL.csproj", "{963B75CE-9FCE-4371-846B-237587A34E70}"
EndProject
Global
	GlobalSection(SolutionConfigurationPlatforms) = preSolution
		Debug|Any CPU = Debug|Any CPU
		Release|Any CPU = Release|Any CPU
	EndGlobalSection
	GlobalSection(ProjectConfigurationPlatforms) = postSolution
		{963B75CE-9FCE-4371-846B-237587A34E70}.Debug|Any CPU.ActiveCfg = Debug|Any CPU
		{963B75CE-9FCE-4371-846B-237587A34E70}.Debug|Any CPU.Build.0 = Debug|Any CPU
		{963B75CE-9FCE-4371-846B-237587A34E70}.Release|Any CPU.ActiveCfg = Release|Any CPU
		{963B75CE-9FCE-4371-846B-237587A34E70}.Release|Any CPU.Build.0 = Release|Any CPU
	EndGlobalSection
	GlobalSection(SolutionProperties) = preSolution
		HideSolutionNode = FALSE
	EndGlobalSection
	GlobalSection(ExtensibilityGlobals) = postSolution
		SolutionGuid = {80A30AE3-6682-4388-A0C0-BC3C8FEF49FB}
	EndGlobalSection
EndGlobal
