
Microsoft Visual Studio Solution File, Format Version 12.00
# Visual Studio Version 16
VisualStudioVersion = 16.0.31112.23
MinimumVisualStudioVersion = 10.0.40219.1
Project("{FAE04EC0-301F-11D3-BF4B-00C04F79EFBC}") = "MyAppCodeFirst", "MyAppCodeFirst.csproj", "{BDA012C5-E410-43DC-B99E-3737FF62E2F4}"
EndProject
Global
	GlobalSection(SolutionConfigurationPlatforms) = preSolution
		Debug|Any CPU = Debug|Any CPU
		Release|Any CPU = Release|Any CPU
	EndGlobalSection
	GlobalSection(ProjectConfigurationPlatforms) = postSolution
		{BDA012C5-E410-43DC-B99E-3737FF62E2F4}.Debug|Any CPU.ActiveCfg = Debug|Any CPU
		{BDA012C5-E410-43DC-B99E-3737FF62E2F4}.Debug|Any CPU.Build.0 = Debug|Any CPU
		{BDA012C5-E410-43DC-B99E-3737FF62E2F4}.Release|Any CPU.ActiveCfg = Release|Any CPU
		{BDA012C5-E410-43DC-B99E-3737FF62E2F4}.Release|Any CPU.Build.0 = Release|Any CPU
	EndGlobalSection
	GlobalSection(SolutionProperties) = preSolution
		HideSolutionNode = FALSE
	EndGlobalSection
	GlobalSection(ExtensibilityGlobals) = postSolution
		SolutionGuid = {E9BF608A-D7E8-4FE3-A105-5FEB6C30C358}
	EndGlobalSection
EndGlobal
